
Microsoft Visual Studio Solution File, Format Version 12.00
# Visual Studio Version 16
VisualStudioVersion = 16.0.29102.190
MinimumVisualStudioVersion = 10.0.40219.1
Project("{9A19103F-16F7-4668-BE54-9A1E7A4F7556}") = "Lab1a", "Lab1a\Lab1a.csproj", "{67A54E23-B0BA-4FA2-8F45-EF21119B722E}"
EndProject
Project("{9A19103F-16F7-4668-BE54-9A1E7A4F7556}") = "Lab1aTestProject1", "Lab1aTestProject1\Lab1aTestProject1.csproj", "{B5F6383E-0F17-4927-8D3F-F2F42227BF20}"
EndProject
Project("{FAE04EC0-301F-11D3-BF4B-00C04F79EFBC}") = "Lab1b", "Lab1b\Lab1b.csproj", "{6B5C4896-D170-48C6-A1A2-3F5531BCCBC1}"
EndProject
Global
	GlobalSection(SolutionConfigurationPlatforms) = preSolution
		Debug|Any CPU = Debug|Any CPU
		Release|Any CPU = Release|Any CPU
	EndGlobalSection
	GlobalSection(ProjectConfigurationPlatforms) = postSolution
		{67A54E23-B0BA-4FA2-8F45-EF21119B722E}.Debug|Any CPU.ActiveCfg = Debug|Any CPU
		{67A54E23-B0BA-4FA2-8F45-EF21119B722E}.Debug|Any CPU.Build.0 = Debug|Any CPU
		{67A54E23-B0BA-4FA2-8F45-EF21119B722E}.Release|Any CPU.ActiveCfg = Release|Any CPU
		{67A54E23-B0BA-4FA2-8F45-EF21119B722E}.Release|Any CPU.Build.0 = Release|Any CPU
		{B5F6383E-0F17-4927-8D3F-F2F42227BF20}.Debug|Any CPU.ActiveCfg = Debug|Any CPU
		{B5F6383E-0F17-4927-8D3F-F2F42227BF20}.Debug|Any CPU.Build.0 = Debug|Any CPU
		{B5F6383E-0F17-4927-8D3F-F2F42227BF20}.Release|Any CPU.ActiveCfg = Release|Any CPU
		{B5F6383E-0F17-4927-8D3F-F2F42227BF20}.Release|Any CPU.Build.0 = Release|Any CPU
		{6B5C4896-D170-48C6-A1A2-3F5531BCCBC1}.Debug|Any CPU.ActiveCfg = Debug|Any CPU
		{6B5C4896-D170-48C6-A1A2-3F5531BCCBC1}.Debug|Any CPU.Build.0 = Debug|Any CPU
		{6B5C4896-D170-48C6-A1A2-3F5531BCCBC1}.Release|Any CPU.ActiveCfg = Release|Any CPU
		{6B5C4896-D170-48C6-A1A2-3F5531BCCBC1}.Release|Any CPU.Build.0 = Release|Any CPU
	EndGlobalSection
	GlobalSection(SolutionProperties) = preSolution
		HideSolutionNode = FALSE
	EndGlobalSection
	GlobalSection(ExtensibilityGlobals) = postSolution
		SolutionGuid = {6E00CD27-8729-4FD0-8B76-219D1F991085}
	EndGlobalSection
EndGlobal
